
Microsoft Visual Studio Solution File, Format Version 12.00
# Visual Studio Version 16
VisualStudioVersion = 16.0.31515.178
MinimumVisualStudioVersion = 10.0.40219.1
Project("{FAE04EC0-301F-11D3-BF4B-00C04F79EFBC}") = "BetterSkills", "BetterSkills\BetterSkills.csproj", "{EACAABF9-75FD-4E33-BC63-985CF7C4E8FD}"
EndProject
Global
	GlobalSection(SolutionConfigurationPlatforms) = preSolution
		Debug|Any CPU = Debug|Any CPU
		Release|Any CPU = Release|Any CPU
	EndGlobalSection
	GlobalSection(ProjectConfigurationPlatforms) = postSolution
		{EACAABF9-75FD-4E33-BC63-985CF7C4E8FD}.Debug|Any CPU.ActiveCfg = Debug|Any CPU
		{EACAABF9-75FD-4E33-BC63-985CF7C4E8FD}.Debug|Any CPU.Build.0 = Debug|Any CPU
		{EACAABF9-75FD-4E33-BC63-985CF7C4E8FD}.Release|Any CPU.ActiveCfg = Release|Any CPU
		{EACAABF9-75FD-4E33-BC63-985CF7C4E8FD}.Release|Any CPU.Build.0 = Release|Any CPU
	EndGlobalSection
	GlobalSection(SolutionProperties) = preSolution
		HideSolutionNode = FALSE
	EndGlobalSection
	GlobalSection(ExtensibilityGlobals) = postSolution
		SolutionGuid = {410C28EE-989F-4DA3-AE33-331F9CF35F81}
	EndGlobalSection
EndGlobal
